
Microsoft Visual Studio Solution File, Format Version 12.00
# Visual Studio Version 17
VisualStudioVersion = 17.1.32210.238
MinimumVisualStudioVersion = 10.0.40219.1
Project("{FAE04EC0-301F-11D3-BF4B-00C04F79EFBC}") = "High-Performance-CSharp-Samples-With-Benchmarks", "High-Performance-CSharp-Samples-With-Benchmarks\High-Performance-CSharp-Samples-With-Benchmarks.csproj", "{141FC8D4-E1FD-4E40-BA93-66BF1528B187}"
EndProject
Global
	GlobalSection(SolutionConfigurationPlatforms) = preSolution
		Debug|Any CPU = Debug|Any CPU
		Release|Any CPU = Release|Any CPU
	EndGlobalSection
	GlobalSection(ProjectConfigurationPlatforms) = postSolution
		{141FC8D4-E1FD-4E40-BA93-66BF1528B187}.Debug|Any CPU.ActiveCfg = Debug|Any CPU
		{141FC8D4-E1FD-4E40-BA93-66BF1528B187}.Debug|Any CPU.Build.0 = Debug|Any CPU
		{141FC8D4-E1FD-4E40-BA93-66BF1528B187}.Release|Any CPU.ActiveCfg = Release|Any CPU
		{141FC8D4-E1FD-4E40-BA93-66BF1528B187}.Release|Any CPU.Build.0 = Release|Any CPU
	EndGlobalSection
	GlobalSection(SolutionProperties) = preSolution
		HideSolutionNode = FALSE
	EndGlobalSection
	GlobalSection(ExtensibilityGlobals) = postSolution
		SolutionGuid = {6A61AC33-48AC-4119-9AD5-715BA98C97A2}
	EndGlobalSection
EndGlobal
