
Microsoft Visual Studio Solution File, Format Version 12.00
# Visual Studio Version 17
VisualStudioVersion = 17.1.32210.238
MinimumVisualStudioVersion = 10.0.40219.1
Project("{FAE04EC0-301F-11D3-BF4B-00C04F79EFBC}") = "HighPerformance", "HighPerformance\HighPerformance.csproj", "{A1836324-AB2D-445C-AFFF-400FAFF11A90}"
EndProject
Global
	GlobalSection(SolutionConfigurationPlatforms) = preSolution
		Debug|Any CPU = Debug|Any CPU
		Release|Any CPU = Release|Any CPU
	EndGlobalSection
	GlobalSection(ProjectConfigurationPlatforms) = postSolution
		{A1836324-AB2D-445C-AFFF-400FAFF11A90}.Debug|Any CPU.ActiveCfg = Debug|Any CPU
		{A1836324-AB2D-445C-AFFF-400FAFF11A90}.Debug|Any CPU.Build.0 = Debug|Any CPU
		{A1836324-AB2D-445C-AFFF-400FAFF11A90}.Release|Any CPU.ActiveCfg = Release|Any CPU
		{A1836324-AB2D-445C-AFFF-400FAFF11A90}.Release|Any CPU.Build.0 = Release|Any CPU
	EndGlobalSection
	GlobalSection(SolutionProperties) = preSolution
		HideSolutionNode = FALSE
	EndGlobalSection
	GlobalSection(ExtensibilityGlobals) = postSolution
		SolutionGuid = {D5AC6EA7-6B9D-4AC8-BD5B-AE7243071366}
	EndGlobalSection
EndGlobal
